Microsoft Visual Studio Solution File, Format Version 8.00
Project("{FAE04EC0-301F-11D3-BF4B-00C04F79EFBC}") = "Labeler", "Labeler.csproj", "{09CFF638-4E90-457F-808B-8166324893B2}"
	ProjectSection(ProjectDependencies) = postProject
	EndProjectSection
EndProject
Project("{FAE04EC0-301F-11D3-BF4B-00C04F79EFBC}") = "Sketch", "..\..\Sketch\Sketch.csproj", "{84AE0BC9-B169-4B44-B320-4825D027BD2C}"
	ProjectSection(ProjectDependencies) = postProject
	EndProjectSection
EndProject
Project("{FAE04EC0-301F-11D3-BF4B-00C04F79EFBC}") = "Fragmenter", "..\..\Fragmenter\Fragmenter.csproj", "{3A7258B5-B5D1-4D75-B988-FB47044759F8}"
	ProjectSection(ProjectDependencies) = postProject
	EndProjectSection
EndProject
Project("{FAE04EC0-301F-11D3-BF4B-00C04F79EFBC}") = "Featurefy", "..\..\Featurefy\Featurefy.csproj", "{C2043A9A-A7CA-43AC-A4DF-318A32BCB165}"
	ProjectSection(ProjectDependencies) = postProject
	EndProjectSection
EndProject
Project("{FAE04EC0-301F-11D3-BF4B-00C04F79EFBC}") = "statistic", "..\..\statistic\statistic.csproj", "{1ED6E7B8-B221-4E0F-8921-26BA67F2E968}"
	ProjectSection(ProjectDependencies) = postProject
	EndProjectSection
EndProject
Project("{FAE04EC0-301F-11D3-BF4B-00C04F79EFBC}") = "CommandManagement", "..\..\CommandManagement\CommandManagement.csproj", "{50B9CC54-918D-4831-80C4-AA2CA42F57F1}"
	ProjectSection(ProjectDependencies) = postProject
	EndProjectSection
EndProject
Project("{FAE04EC0-301F-11D3-BF4B-00C04F79EFBC}") = "Converter", "..\..\Converter\Converter.csproj", "{7077A0E7-E282-4F87-AD63-04B3EE485246}"
	ProjectSection(ProjectDependencies) = postProject
	EndProjectSection
EndProject
Global
	GlobalSection(SolutionConfiguration) = preSolution
		Debug = Debug
		Release = Release
	EndGlobalSection
	GlobalSection(ProjectConfiguration) = postSolution
		{09CFF638-4E90-457F-808B-8166324893B2}.Debug.ActiveCfg = Debug|.NET
		{09CFF638-4E90-457F-808B-8166324893B2}.Debug.Build.0 = Debug|.NET
		{09CFF638-4E90-457F-808B-8166324893B2}.Release.ActiveCfg = Release|.NET
		{09CFF638-4E90-457F-808B-8166324893B2}.Release.Build.0 = Release|.NET
		{84AE0BC9-B169-4B44-B320-4825D027BD2C}.Debug.ActiveCfg = Debug|.NET
		{84AE0BC9-B169-4B44-B320-4825D027BD2C}.Debug.Build.0 = Debug|.NET
		{84AE0BC9-B169-4B44-B320-4825D027BD2C}.Release.ActiveCfg = Release|.NET
		{84AE0BC9-B169-4B44-B320-4825D027BD2C}.Release.Build.0 = Release|.NET
		{3A7258B5-B5D1-4D75-B988-FB47044759F8}.Debug.ActiveCfg = Debug|.NET
		{3A7258B5-B5D1-4D75-B988-FB47044759F8}.Debug.Build.0 = Debug|.NET
		{3A7258B5-B5D1-4D75-B988-FB47044759F8}.Release.ActiveCfg = Release|.NET
		{3A7258B5-B5D1-4D75-B988-FB47044759F8}.Release.Build.0 = Release|.NET
		{C2043A9A-A7CA-43AC-A4DF-318A32BCB165}.Debug.ActiveCfg = Debug|.NET
		{C2043A9A-A7CA-43AC-A4DF-318A32BCB165}.Debug.Build.0 = Debug|.NET
		{C2043A9A-A7CA-43AC-A4DF-318A32BCB165}.Release.ActiveCfg = Release|.NET
		{C2043A9A-A7CA-43AC-A4DF-318A32BCB165}.Release.Build.0 = Release|.NET
		{1ED6E7B8-B221-4E0F-8921-26BA67F2E968}.Debug.ActiveCfg = Debug|.NET
		{1ED6E7B8-B221-4E0F-8921-26BA67F2E968}.Debug.Build.0 = Debug|.NET
		{1ED6E7B8-B221-4E0F-8921-26BA67F2E968}.Release.ActiveCfg = Release|.NET
		{1ED6E7B8-B221-4E0F-8921-26BA67F2E968}.Release.Build.0 = Release|.NET
		{50B9CC54-918D-4831-80C4-AA2CA42F57F1}.Debug.ActiveCfg = Debug|.NET
		{50B9CC54-918D-4831-80C4-AA2CA42F57F1}.Debug.Build.0 = Debug|.NET
		{50B9CC54-918D-4831-80C4-AA2CA42F57F1}.Release.ActiveCfg = Release|.NET
		{50B9CC54-918D-4831-80C4-AA2CA42F57F1}.Release.Build.0 = Release|.NET
		{7077A0E7-E282-4F87-AD63-04B3EE485246}.Debug.ActiveCfg = Debug|.NET
		{7077A0E7-E282-4F87-AD63-04B3EE485246}.Debug.Build.0 = Debug|.NET
		{7077A0E7-E282-4F87-AD63-04B3EE485246}.Release.ActiveCfg = Release|.NET
		{7077A0E7-E282-4F87-AD63-04B3EE485246}.Release.Build.0 = Release|.NET
	EndGlobalSection
	GlobalSection(ExtensibilityGlobals) = postSolution
	EndGlobalSection
	GlobalSection(ExtensibilityAddIns) = postSolution
	EndGlobalSection
EndGlobal
